
Microsoft Visual Studio Solution File, Format Version 12.00
# Visual Studio Version 17
VisualStudioVersion = 17.3.32825.248
MinimumVisualStudioVersion = 10.0.40219.1
Project("{8BC9CEB8-8B4A-11D0-8D11-00A0C91BC942}") = "Dll1", "Dll1\Dll1.vcxproj", "{61B2F6CB-D4FF-418C-8986-C86808DDE2C6}"
EndProject
Project("{8BC9CEB8-8B4A-11D0-8D11-00A0C91BC942}") = "AppWithDLL", "AppWithDLL\AppWithDLL.vcxproj", "{361429A1-C9BB-401E-A01D-70FD6F85DB38}"
	ProjectSection(ProjectDependencies) = postProject
		{61B2F6CB-D4FF-418C-8986-C86808DDE2C6} = {61B2F6CB-D4FF-418C-8986-C86808DDE2C6}
	EndProjectSection
EndProject
Project("{54435603-DBB4-11D2-8724-00A0C9A8B90C}") = "ProgrammInstallSetup", "ProgrammInstallSetup\ProgrammInstallSetup.vdproj", "{AECC2003-B599-45B3-8A35-B35003A3317B}"
EndProject
Global
	GlobalSection(SolutionConfigurationPlatforms) = preSolution
		Debug|x64 = Debug|x64
		Debug|x86 = Debug|x86
		Release|x64 = Release|x64
		Release|x86 = Release|x86
	EndGlobalSection
	GlobalSection(ProjectConfigurationPlatforms) = postSolution
		{61B2F6CB-D4FF-418C-8986-C86808DDE2C6}.Debug|x64.ActiveCfg = Debug|x64
		{61B2F6CB-D4FF-418C-8986-C86808DDE2C6}.Debug|x64.Build.0 = Debug|x64
		{61B2F6CB-D4FF-418C-8986-C86808DDE2C6}.Debug|x86.ActiveCfg = Debug|Win32
		{61B2F6CB-D4FF-418C-8986-C86808DDE2C6}.Debug|x86.Build.0 = Debug|Win32
		{61B2F6CB-D4FF-418C-8986-C86808DDE2C6}.Release|x64.ActiveCfg = Release|x64
		{61B2F6CB-D4FF-418C-8986-C86808DDE2C6}.Release|x64.Build.0 = Release|x64
		{61B2F6CB-D4FF-418C-8986-C86808DDE2C6}.Release|x86.ActiveCfg = Release|Win32
		{61B2F6CB-D4FF-418C-8986-C86808DDE2C6}.Release|x86.Build.0 = Release|Win32
		{361429A1-C9BB-401E-A01D-70FD6F85DB38}.Debug|x64.ActiveCfg = Debug|x64
		{361429A1-C9BB-401E-A01D-70FD6F85DB38}.Debug|x64.Build.0 = Debug|x64
		{361429A1-C9BB-401E-A01D-70FD6F85DB38}.Debug|x86.ActiveCfg = Debug|Win32
		{361429A1-C9BB-401E-A01D-70FD6F85DB38}.Debug|x86.Build.0 = Debug|Win32
		{361429A1-C9BB-401E-A01D-70FD6F85DB38}.Release|x64.ActiveCfg = Release|x64
		{361429A1-C9BB-401E-A01D-70FD6F85DB38}.Release|x64.Build.0 = Release|x64
		{361429A1-C9BB-401E-A01D-70FD6F85DB38}.Release|x86.ActiveCfg = Release|Win32
		{361429A1-C9BB-401E-A01D-70FD6F85DB38}.Release|x86.Build.0 = Release|Win32
		{AECC2003-B599-45B3-8A35-B35003A3317B}.Debug|x64.ActiveCfg = Debug
		{AECC2003-B599-45B3-8A35-B35003A3317B}.Debug|x86.ActiveCfg = Debug
		{AECC2003-B599-45B3-8A35-B35003A3317B}.Release|x64.ActiveCfg = Release
		{AECC2003-B599-45B3-8A35-B35003A3317B}.Release|x86.ActiveCfg = Release
	EndGlobalSection
	GlobalSection(SolutionProperties) = preSolution
		HideSolutionNode = FALSE
	EndGlobalSection
	GlobalSection(ExtensibilityGlobals) = postSolution
		SolutionGuid = {87FFD536-3DB9-4A70-A3AE-7FD098507049}
	EndGlobalSection
EndGlobal
